# This file is automatically @generated by Cargo.
# It is not intended for manual editing.
[[package]]
name = "autocfg"
version = "1.0.0"
source = "registry+https://github.com/rust-lang/crates.io-index"
checksum = "f8aac770f1885fd7e387acedd76065302551364496e46b3dd00860b2f8359b9d"

[[package]]
name = "bitflags"
version = "1.2.1"
source = "registry+https://github.com/rust-lang/crates.io-index"
checksum = "cf1de2fe8c75bc145a2f577add951f8134889b4795d47466a54a5c846d691693"

[[package]]
name = "bstr"
version = "0.2.13"
source = "registry+https://github.com/rust-lang/crates.io-index"
checksum = "31accafdb70df7871592c058eca3985b71104e15ac32f64706022c58867da931"
dependencies = [
 "memchr",
]

[[package]]
name = "cc"
version = "1.0.53"
source = "registry+https://github.com/rust-lang/crates.io-index"
checksum = "404b1fe4f65288577753b17e3b36a04596ee784493ec249bf81c7f2d2acd751c"

[[package]]
name = "cfg-if"
version = "0.1.10"
source = "registry+https://github.com/rust-lang/crates.io-index"
checksum = "4785bdd1c96b2a846b2bd7cc02e86b6b3dbf14e7e53446c4f54c92a361040822"

[[package]]
name = "cloudabi"
version = "0.0.3"
source = "registry+https://github.com/rust-lang/crates.io-index"
checksum = "ddfc5b9aa5d4507acaf872de71051dfd0e309860e88966e1051e462a077aac4f"
dependencies = [
 "bitflags",
]

[[package]]
name = "ctor"
version = "0.1.14"
source = "registry+https://github.com/rust-lang/crates.io-index"
checksum = "cf6b25ee9ac1995c54d7adb2eff8cfffb7260bc774fb63c601ec65467f43cd9d"
dependencies = [
 "quote",
 "syn",
]

[[package]]
name = "getopts"
version = "0.2.21"
source = "registry+https://github.com/rust-lang/crates.io-index"
checksum = "14dbbfd5c71d70241ecf9e6f13737f7b5ce823821063188d7e46c41d371eebd5"
dependencies = [
 "unicode-width",
]

[[package]]
name = "ghost"
version = "0.1.1"
source = "registry+https://github.com/rust-lang/crates.io-index"
checksum = "2a36606a68532b5640dc86bb1f33c64b45c4682aad4c50f3937b317ea387f3d6"
dependencies = [
 "proc-macro2",
 "quote",
 "syn",
]

[[package]]
name = "indoc"
version = "0.3.5"
source = "registry+https://github.com/rust-lang/crates.io-index"
checksum = "79255cf29f5711995ddf9ec261b4057b1deb34e66c90656c201e41376872c544"
dependencies = [
 "indoc-impl",
 "proc-macro-hack",
]

[[package]]
name = "indoc-impl"
version = "0.3.5"
source = "registry+https://github.com/rust-lang/crates.io-index"
checksum = "54554010aa3d17754e484005ea0022f1c93839aabc627c2c55f3d7b47206134c"
dependencies = [
 "proc-macro-hack",
 "proc-macro2",
 "quote",
 "syn",
 "unindent",
]

[[package]]
name = "inventory"
version = "0.1.6"
source = "registry+https://github.com/rust-lang/crates.io-index"
checksum = "82d3f4b90287725c97b17478c60dda0c6324e7c84ee1ed72fb9179d0fdf13956"
dependencies = [
 "ctor",
 "ghost",
 "inventory-impl",
]

[[package]]
name = "inventory-impl"
version = "0.1.6"
source = "registry+https://github.com/rust-lang/crates.io-index"
checksum = "9092a4fefc9d503e9287ef137f03180a6e7d1b04c419563171ee14947c5e80ec"
dependencies = [
 "proc-macro2",
 "quote",
 "syn",
]

[[package]]
name = "lazy_static"
version = "1.4.0"
source = "registry+https://github.com/rust-lang/crates.io-index"
checksum = "e2abad23fbc42b3700f2f279844dc832adb2b2eb069b2df918f455c4e18cc646"

[[package]]
name = "libc"
version = "0.2.70"
source = "registry+https://github.com/rust-lang/crates.io-index"
checksum = "3baa92041a6fec78c687fa0cc2b3fae8884f743d672cf551bed1d6dac6988d0f"

[[package]]
name = "lock_api"
version = "0.3.4"
source = "registry+https://github.com/rust-lang/crates.io-index"
checksum = "c4da24a77a3d8a6d4862d95f72e6fdb9c09a643ecdb402d754004a557f2bec75"
dependencies = [
 "scopeguard",
]

[[package]]
name = "memchr"
version = "2.3.3"
source = "registry+https://github.com/rust-lang/crates.io-index"
checksum = "3728d817d99e5ac407411fa471ff9800a778d88a24685968b36824eaf4bee400"

[[package]]
name = "mlua"
version = "0.3.2"
source = "registry+https://github.com/rust-lang/crates.io-index"
checksum = "4cb547f46dffcb8ce35738c836449bf0152f24787cdd9f8bf02c77d05d243d40"
dependencies = [
 "bstr",
 "cc",
 "lazy_static",
 "num-traits",
 "pkg-config",
]

[[package]]
name = "mlua_derive"
version = "0.3.0"
source = "registry+https://github.com/rust-lang/crates.io-index"
checksum = "0629c3166020d1361d0131cdeeb4ac8609d005c6c6c05fcebaacf65ae0c9d552"
dependencies = [
 "proc-macro2",
 "quote",
 "syn",
]

[[package]]
name = "num-traits"
version = "0.2.11"
source = "registry+https://github.com/rust-lang/crates.io-index"
checksum = "c62be47e61d1842b9170f0fdeec8eba98e60e90e5446449a0545e5152acd7096"
dependencies = [
 "autocfg",
]

[[package]]
name = "parking_lot"
version = "0.10.2"
source = "registry+https://github.com/rust-lang/crates.io-index"
checksum = "d3a704eb390aafdc107b0e392f56a82b668e3a71366993b5340f5833fd62505e"
dependencies = [
 "lock_api",
 "parking_lot_core",
]

[[package]]
name = "parking_lot_core"
version = "0.7.2"
source = "registry+https://github.com/rust-lang/crates.io-index"
checksum = "d58c7c768d4ba344e3e8d72518ac13e259d7c7ade24167003b8488e10b6740a3"
dependencies = [
 "cfg-if",
 "cloudabi",
 "libc",
 "redox_syscall",
 "smallvec",
 "winapi",
]

[[package]]
name = "paste"
version = "0.1.12"
source = "registry+https://github.com/rust-lang/crates.io-index"
checksum = "0a229b1c58c692edcaa5b9b0948084f130f55d2dcc15b02fcc5340b2b4521476"
dependencies = [
 "paste-impl",
 "proc-macro-hack",
]

[[package]]
name = "paste-impl"
version = "0.1.12"
source = "registry+https://github.com/rust-lang/crates.io-index"
checksum = "2e0bf239e447e67ff6d16a8bb5e4d4bd2343acf5066061c0e8e06ac5ba8ca68c"
dependencies = [
 "proc-macro-hack",
 "proc-macro2",
 "quote",
 "syn",
]

[[package]]
name = "pkg-config"
version = "0.3.17"
source = "registry+https://github.com/rust-lang/crates.io-index"
checksum = "05da548ad6865900e60eaba7f589cc0783590a92e940c26953ff81ddbab2d677"

[[package]]
name = "proc-macro-hack"
version = "0.5.15"
source = "registry+https://github.com/rust-lang/crates.io-index"
checksum = "0d659fe7c6d27f25e9d80a1a094c223f5246f6a6596453e09d7229bf42750b63"

[[package]]
name = "proc-macro2"
version = "1.0.12"
source = "registry+https://github.com/rust-lang/crates.io-index"
checksum = "8872cf6f48eee44265156c111456a700ab3483686b3f96df4cf5481c89157319"
dependencies = [
 "unicode-xid",
]

[[package]]
name = "pulldown-cmark"
version = "0.7.1"
source = "registry+https://github.com/rust-lang/crates.io-index"
checksum = "3e142c3b8f49d2200605ee6ba0b1d757310e9e7a72afe78c36ee2ef67300ee00"
dependencies = [
 "bitflags",
 "getopts",
 "memchr",
 "unicase",
]

[[package]]
name = "pyo3"
version = "0.10.1"
source = "registry+https://github.com/rust-lang/crates.io-index"
checksum = "80348539d1fa3fde72728c3fe9d750ec92c39e89908a774eda074289578c8d33"
dependencies = [
 "indoc",
 "inventory",
 "libc",
 "parking_lot",
 "paste",
 "pyo3cls",
 "unindent",
 "version_check",
]

[[package]]
name = "pyo3-derive-backend"
version = "0.10.1"
source = "registry+https://github.com/rust-lang/crates.io-index"
checksum = "fa4d5d2e35fa26a8556dfca96c964249062deaa940b7e82e7c214f1bc21d646d"
dependencies = [
 "proc-macro2",
 "quote",
 "syn",
]

[[package]]
name = "pyo3cls"
version = "0.10.1"
source = "registry+https://github.com/rust-lang/crates.io-index"
checksum = "1f4628c487dbc084c17d4762bc0b531f373ca315997457708d6c9fabcc5c9928"
dependencies = [
 "pyo3-derive-backend",
 "quote",
 "syn",
]

[[package]]
name = "quote"
version = "1.0.5"
source = "registry+https://github.com/rust-lang/crates.io-index"
checksum = "42934bc9c8ab0d3b273a16d8551c8f0fcff46be73276ca083ec2414c15c4ba5e"
dependencies = [
 "proc-macro2",
]

[[package]]
name = "redox_syscall"
version = "0.1.56"
source = "registry+https://github.com/rust-lang/crates.io-index"
checksum = "2439c63f3f6139d1b57529d16bc3b8bb855230c8efcc5d3a896c8bea7c3b1e84"

[[package]]
name = "scopeguard"
version = "1.1.0"
source = "registry+https://github.com/rust-lang/crates.io-index"
checksum = "d29ab0c6d3fc0ee92fe66e2d99f700eab17a8d57d1c1d3b748380fb20baa78cd"

[[package]]
name = "smallvec"
version = "1.4.0"
source = "registry+https://github.com/rust-lang/crates.io-index"
checksum = "c7cb5678e1615754284ec264d9bb5b4c27d2018577fd90ac0ceb578591ed5ee4"

[[package]]
name = "syn"
version = "1.0.21"
source = "registry+https://github.com/rust-lang/crates.io-index"
checksum = "4696caa4048ac7ce2bcd2e484b3cef88c1004e41b8e945a277e2c25dc0b72060"
dependencies = [
 "proc-macro2",
 "quote",
 "unicode-xid",
]

[[package]]
name = "unicase"
version = "2.6.0"
source = "registry+https://github.com/rust-lang/crates.io-index"
checksum = "50f37be617794602aabbeee0be4f259dc1778fabe05e2d67ee8f79326d5cb4f6"
dependencies = [
 "version_check",
]

[[package]]
name = "unicode-width"
version = "0.1.7"
source = "registry+https://github.com/rust-lang/crates.io-index"
checksum = "caaa9d531767d1ff2150b9332433f32a24622147e5ebb1f26409d5da67afd479"

[[package]]
name = "unicode-xid"
version = "0.2.0"
source = "registry+https://github.com/rust-lang/crates.io-index"
checksum = "826e7639553986605ec5979c7dd957c7895e93eabed50ab2ffa7f6128a75097c"

[[package]]
name = "unindent"
version = "0.1.5"
source = "registry+https://github.com/rust-lang/crates.io-index"
checksum = "63f18aa3b0e35fed5a0048f029558b1518095ffe2a0a31fb87c93dece93a4993"

[[package]]
name = "version_check"
version = "0.9.1"
source = "registry+https://github.com/rust-lang/crates.io-index"
checksum = "078775d0255232fb988e6fccf26ddc9d1ac274299aaedcedce21c6f72cc533ce"

[[package]]
name = "vim-pandoc-syntax"
version = "0.0.0"
dependencies = [
 "mlua",
 "mlua_derive",
 "pulldown-cmark",
 "pyo3",
]

[[package]]
name = "winapi"
version = "0.3.8"
source = "registry+https://github.com/rust-lang/crates.io-index"
checksum = "8093091eeb260906a183e6ae1abdba2ef5ef2257a21801128899c3fc699229c6"
dependencies = [
 "winapi-i686-pc-windows-gnu",
 "winapi-x86_64-pc-windows-gnu",
]

[[package]]
name = "winapi-i686-pc-windows-gnu"
version = "0.4.0"
source = "registry+https://github.com/rust-lang/crates.io-index"
checksum = "ac3b87c63620426dd9b991e5ce0329eff545bccbbb34f3be09ff6fb6ab51b7b6"

[[package]]
name = "winapi-x86_64-pc-windows-gnu"
version = "0.4.0"
source = "registry+https://github.com/rust-lang/crates.io-index"
checksum = "712e227841d057c1ee1cd2fb22fa7e5a5461ae8e48fa2ca79ec42cfc1931183f"
